
Microsoft Visual Studio Solution File, Format Version 12.00
# Visual Studio Version 17
VisualStudioVersion = 17.7.34024.191
MinimumVisualStudioVersion = 10.0.40219.1
Project("{2150E333-8FDC-42A3-9474-1A3956D46DE8}") = "src", "src", "{BFB37256-68F9-40B7-8B7D-BD3EF31FF86E}"
EndProject
Project("{FAE04EC0-301F-11D3-BF4B-00C04F79EFBC}") = "EventManagement.Domain", "src\EventManagement.Domain\EventManagement.Domain.csproj", "{71B06634-21D4-464E-8A74-AA64AA89C4A4}"
EndProject
Project("{FAE04EC0-301F-11D3-BF4B-00C04F79EFBC}") = "EventManagement.Infrastructure", "src\EventManagement.Infrastructure\EventManagement.Infrastructure.csproj", "{CDFC9FFC-5284-4699-9A10-A8D0C9FC0D9C}"
EndProject
Project("{FAE04EC0-301F-11D3-BF4B-00C04F79EFBC}") = "EventManagement.Application", "src\EventManagement.Application\EventManagement.Application.csproj", "{C7F4BB5F-5482-4031-A448-70DAF24E00A6}"
EndProject
Project("{FAE04EC0-301F-11D3-BF4B-00C04F79EFBC}") = "EventManagement.WebApi", "src\EventManagement.WebApi\EventManagement.WebApi.csproj", "{CE11FF73-77DD-4782-B079-7D5E7AEFFE51}"
EndProject
Global
	GlobalSection(SolutionConfigurationPlatforms) = preSolution
		Debug|Any CPU = Debug|Any CPU
		Release|Any CPU = Release|Any CPU
	EndGlobalSection
	GlobalSection(ProjectConfigurationPlatforms) = postSolution
		{71B06634-21D4-464E-8A74-AA64AA89C4A4}.Debug|Any CPU.ActiveCfg = Debug|Any CPU
		{71B06634-21D4-464E-8A74-AA64AA89C4A4}.Debug|Any CPU.Build.0 = Debug|Any CPU
		{71B06634-21D4-464E-8A74-AA64AA89C4A4}.Release|Any CPU.ActiveCfg = Release|Any CPU
		{71B06634-21D4-464E-8A74-AA64AA89C4A4}.Release|Any CPU.Build.0 = Release|Any CPU
		{CDFC9FFC-5284-4699-9A10-A8D0C9FC0D9C}.Debug|Any CPU.ActiveCfg = Debug|Any CPU
		{CDFC9FFC-5284-4699-9A10-A8D0C9FC0D9C}.Debug|Any CPU.Build.0 = Debug|Any CPU
		{CDFC9FFC-5284-4699-9A10-A8D0C9FC0D9C}.Release|Any CPU.ActiveCfg = Release|Any CPU
		{CDFC9FFC-5284-4699-9A10-A8D0C9FC0D9C}.Release|Any CPU.Build.0 = Release|Any CPU
		{C7F4BB5F-5482-4031-A448-70DAF24E00A6}.Debug|Any CPU.ActiveCfg = Debug|Any CPU
		{C7F4BB5F-5482-4031-A448-70DAF24E00A6}.Debug|Any CPU.Build.0 = Debug|Any CPU
		{C7F4BB5F-5482-4031-A448-70DAF24E00A6}.Release|Any CPU.ActiveCfg = Release|Any CPU
		{C7F4BB5F-5482-4031-A448-70DAF24E00A6}.Release|Any CPU.Build.0 = Release|Any CPU
		{CE11FF73-77DD-4782-B079-7D5E7AEFFE51}.Debug|Any CPU.ActiveCfg = Debug|Any CPU
		{CE11FF73-77DD-4782-B079-7D5E7AEFFE51}.Debug|Any CPU.Build.0 = Debug|Any CPU
		{CE11FF73-77DD-4782-B079-7D5E7AEFFE51}.Release|Any CPU.ActiveCfg = Release|Any CPU
		{CE11FF73-77DD-4782-B079-7D5E7AEFFE51}.Release|Any CPU.Build.0 = Release|Any CPU
	EndGlobalSection
	GlobalSection(SolutionProperties) = preSolution
		HideSolutionNode = FALSE
	EndGlobalSection
	GlobalSection(NestedProjects) = preSolution
		{71B06634-21D4-464E-8A74-AA64AA89C4A4} = {BFB37256-68F9-40B7-8B7D-BD3EF31FF86E}
		{CDFC9FFC-5284-4699-9A10-A8D0C9FC0D9C} = {BFB37256-68F9-40B7-8B7D-BD3EF31FF86E}
		{C7F4BB5F-5482-4031-A448-70DAF24E00A6} = {BFB37256-68F9-40B7-8B7D-BD3EF31FF86E}
		{CE11FF73-77DD-4782-B079-7D5E7AEFFE51} = {BFB37256-68F9-40B7-8B7D-BD3EF31FF86E}
	EndGlobalSection
	GlobalSection(ExtensibilityGlobals) = postSolution
		SolutionGuid = {177BEC79-B2F6-41B1-8641-DB28A46C1E2C}
	EndGlobalSection
EndGlobal
